
Microsoft Visual Studio Solution File, Format Version 12.00
# Visual Studio 15
Project("{FAE04EC0-301F-11D3-BF4B-00C04F79EFBC}") = "Assembly-CSharp", "Assembly-CSharp.csproj", "{3D2797B7-ADE9-8C8B-7226-F201943B56C7}"
EndProject
Project("{FAE04EC0-301F-11D3-BF4B-00C04F79EFBC}") = "Assembly-CSharp-Editor", "Assembly-CSharp-Editor.csproj", "{885068CA-E575-BF8B-4FE4-530E46DA5A28}"
EndProject
Global
	GlobalSection(SolutionConfigurationPlatforms) = preSolution
		Debug|Any CPU = Debug|Any CPU
		Release|Any CPU = Release|Any CPU
	EndGlobalSection
	GlobalSection(ProjectConfigurationPlatforms) = postSolution
		{3D2797B7-ADE9-8C8B-7226-F201943B56C7}.Debug|Any CPU.ActiveCfg = Debug|Any CPU
		{3D2797B7-ADE9-8C8B-7226-F201943B56C7}.Debug|Any CPU.Build.0 = Debug|Any CPU
		{3D2797B7-ADE9-8C8B-7226-F201943B56C7}.Release|Any CPU.ActiveCfg = Release|Any CPU
		{3D2797B7-ADE9-8C8B-7226-F201943B56C7}.Release|Any CPU.Build.0 = Release|Any CPU
		{885068CA-E575-BF8B-4FE4-530E46DA5A28}.Debug|Any CPU.ActiveCfg = Debug|Any CPU
		{885068CA-E575-BF8B-4FE4-530E46DA5A28}.Debug|Any CPU.Build.0 = Debug|Any CPU
		{885068CA-E575-BF8B-4FE4-530E46DA5A28}.Release|Any CPU.ActiveCfg = Release|Any CPU
		{885068CA-E575-BF8B-4FE4-530E46DA5A28}.Release|Any CPU.Build.0 = Release|Any CPU
	EndGlobalSection
	GlobalSection(SolutionProperties) = preSolution
		HideSolutionNode = FALSE
	EndGlobalSection
EndGlobal
